{
  "name": "test_randomcolors",
  "version": "1.0.0",
  "lockfileVersion": 3,
  "requires": true,
  "packages": {
    "": {
      "name": "test_randomcolors",
      "version": "1.0.0",
      "license": "ISC",
      "dependencies": {
        "random-color-type-generator": "^1.1.5"
      }
    },
    "node_modules/random-color-type-generator": {
      "version": "1.1.5",
      "resolved": "https://registry.npmjs.org/random-color-type-generator/-/random-color-type-generator-1.1.5.tgz",
      "integrity": "sha512-IicZqfV3lcOj8d+GKYzBIPFRZD78MJyd32lLbO4CfgXH+07tYq44NMJBmk2rC3G1S18StwNMoXxrCx9s7X0yEQ=="
    }
  }
}
