{
  "name": "test_randomcolors",
  "version": "1.0.0",
  "lockfileVersion": 3,
  "requires": true,
  "packages": {
    "": {
      "name": "test_randomcolors",
      "version": "1.0.0",
      "license": "ISC",
      "dependencies": {
        "random-color-code-generator": "^1.0.1"
      }
    },
    "node_modules/random-color-code-generator": {
      "version": "1.0.1",
      "resolved": "https://registry.npmjs.org/random-color-code-generator/-/random-color-code-generator-1.0.1.tgz",
      "integrity": "sha512-j17/fI/PqQcXs4x1HgFZSY8XCOyfUdCjJ1RbUa3vPGNG3psE1eqfmPbJK69G1B8bvxmjj2RrRnOPWdlKUcfjuA=="
    }
  }
}
